
Microsoft Visual Studio Solution File, Format Version 12.00
# Visual Studio Version 17
VisualStudioVersion = 17.8.34330.188
MinimumVisualStudioVersion = 10.0.40219.1
Project("{FAE04EC0-301F-11D3-BF4B-00C04F79EFBC}") = "project6", "project6\project6.csproj", "{F34EE420-48B9-4FDD-8C10-0F2A15B40D02}"
EndProject
Global
	GlobalSection(SolutionConfigurationPlatforms) = preSolution
		Debug|Any CPU = Debug|Any CPU
		Release|Any CPU = Release|Any CPU
	EndGlobalSection
	GlobalSection(ProjectConfigurationPlatforms) = postSolution
		{F34EE420-48B9-4FDD-8C10-0F2A15B40D02}.Debug|Any CPU.ActiveCfg = Debug|Any CPU
		{F34EE420-48B9-4FDD-8C10-0F2A15B40D02}.Debug|Any CPU.Build.0 = Debug|Any CPU
		{F34EE420-48B9-4FDD-8C10-0F2A15B40D02}.Release|Any CPU.ActiveCfg = Release|Any CPU
		{F34EE420-48B9-4FDD-8C10-0F2A15B40D02}.Release|Any CPU.Build.0 = Release|Any CPU
	EndGlobalSection
	GlobalSection(SolutionProperties) = preSolution
		HideSolutionNode = FALSE
	EndGlobalSection
	GlobalSection(ExtensibilityGlobals) = postSolution
		SolutionGuid = {F088090A-7FD1-41DD-9CFE-990C4B1C99C4}
	EndGlobalSection
EndGlobal
