
Microsoft Visual Studio Solution File, Format Version 12.00
# Visual Studio Version 17
VisualStudioVersion = 17.8.34330.188
MinimumVisualStudioVersion = 10.0.40219.1
Project("{FAE04EC0-301F-11D3-BF4B-00C04F79EFBC}") = "project 5", "project 5\project 5.csproj", "{2B37B24C-8E12-44F1-BA84-850C8B7B43AB}"
EndProject
Global
	GlobalSection(SolutionConfigurationPlatforms) = preSolution
		Debug|Any CPU = Debug|Any CPU
		Release|Any CPU = Release|Any CPU
	EndGlobalSection
	GlobalSection(ProjectConfigurationPlatforms) = postSolution
		{2B37B24C-8E12-44F1-BA84-850C8B7B43AB}.Debug|Any CPU.ActiveCfg = Debug|Any CPU
		{2B37B24C-8E12-44F1-BA84-850C8B7B43AB}.Debug|Any CPU.Build.0 = Debug|Any CPU
		{2B37B24C-8E12-44F1-BA84-850C8B7B43AB}.Release|Any CPU.ActiveCfg = Release|Any CPU
		{2B37B24C-8E12-44F1-BA84-850C8B7B43AB}.Release|Any CPU.Build.0 = Release|Any CPU
	EndGlobalSection
	GlobalSection(SolutionProperties) = preSolution
		HideSolutionNode = FALSE
	EndGlobalSection
	GlobalSection(ExtensibilityGlobals) = postSolution
		SolutionGuid = {8C2E22A0-0D4B-4115-879B-5CA418DFA62E}
	EndGlobalSection
EndGlobal
