
Microsoft Visual Studio Solution File, Format Version 12.00
# Visual Studio Version 17
VisualStudioVersion = 17.8.34330.188
MinimumVisualStudioVersion = 10.0.40219.1
Project("{FAE04EC0-301F-11D3-BF4B-00C04F79EFBC}") = "project2", "project2\project2.csproj", "{6B33818E-4F04-43AC-8672-2458179E7C7A}"
EndProject
Global
	GlobalSection(SolutionConfigurationPlatforms) = preSolution
		Debug|Any CPU = Debug|Any CPU
		Release|Any CPU = Release|Any CPU
	EndGlobalSection
	GlobalSection(ProjectConfigurationPlatforms) = postSolution
		{6B33818E-4F04-43AC-8672-2458179E7C7A}.Debug|Any CPU.ActiveCfg = Debug|Any CPU
		{6B33818E-4F04-43AC-8672-2458179E7C7A}.Debug|Any CPU.Build.0 = Debug|Any CPU
		{6B33818E-4F04-43AC-8672-2458179E7C7A}.Release|Any CPU.ActiveCfg = Release|Any CPU
		{6B33818E-4F04-43AC-8672-2458179E7C7A}.Release|Any CPU.Build.0 = Release|Any CPU
	EndGlobalSection
	GlobalSection(SolutionProperties) = preSolution
		HideSolutionNode = FALSE
	EndGlobalSection
	GlobalSection(ExtensibilityGlobals) = postSolution
		SolutionGuid = {C81A8539-17E0-4D80-881A-D09D0553F542}
	EndGlobalSection
EndGlobal
